
Microsoft Visual Studio Solution File, Format Version 12.00
Project("{FAE04EC0-301F-11D3-BF4B-00C04F79EFBC}") = "FuncTestingFrameworkClient", "FuncTestingFrameworkClient\FuncTestingFrameworkClient.csproj", "{87EFF4E7-22DF-4316-A7A8-1C2A98795692}"
EndProject
Project("{FAE04EC0-301F-11D3-BF4B-00C04F79EFBC}") = "CSharpFuncTestingFramework", "CSharpFuncTestingFramework\CSharpFuncTestingFramework.csproj", "{16DDD3FE-BFDB-4AA0-AE5D-EA8E1F505705}"
EndProject
Global
	GlobalSection(SolutionConfigurationPlatforms) = preSolution
		Debug|Any CPU = Debug|Any CPU
		Release|Any CPU = Release|Any CPU
	EndGlobalSection
	GlobalSection(ProjectConfigurationPlatforms) = postSolution
		{87EFF4E7-22DF-4316-A7A8-1C2A98795692}.Debug|Any CPU.ActiveCfg = Debug|Any CPU
		{87EFF4E7-22DF-4316-A7A8-1C2A98795692}.Debug|Any CPU.Build.0 = Debug|Any CPU
		{87EFF4E7-22DF-4316-A7A8-1C2A98795692}.Release|Any CPU.ActiveCfg = Release|Any CPU
		{87EFF4E7-22DF-4316-A7A8-1C2A98795692}.Release|Any CPU.Build.0 = Release|Any CPU
		{16DDD3FE-BFDB-4AA0-AE5D-EA8E1F505705}.Debug|Any CPU.ActiveCfg = Debug|Any CPU
		{16DDD3FE-BFDB-4AA0-AE5D-EA8E1F505705}.Debug|Any CPU.Build.0 = Debug|Any CPU
		{16DDD3FE-BFDB-4AA0-AE5D-EA8E1F505705}.Release|Any CPU.ActiveCfg = Release|Any CPU
		{16DDD3FE-BFDB-4AA0-AE5D-EA8E1F505705}.Release|Any CPU.Build.0 = Release|Any CPU
	EndGlobalSection
EndGlobal
